// !$*UTF8*$!
{
	archiveVersion = 1;
	classes = {
	};
	objectVersion = 46;
	objects = {

/* Begin PBXBuildFile section */
		BC9D9AAC1C02EE1B00292CEF /* main.m in Sources */ = {isa = PBXBuildFile; fileRef = BC9D9AAB1C02EE1B00292CEF /* main.m */; };
		BC9D9AAF1C02EE1B00292CEF /* AppDelegate.m in Sources */ = {isa = PBXBuildFile; fileRef = BC9D9AAE1C02EE1B00292CEF /* AppDelegate.m */; };
		BC9D9AB21C02EE1B00292CEF /* ViewController.m in Sources */ = {isa = PBXBuildFile; fileRef = BC9D9AB11C02EE1B00292CEF /* ViewController.m */; };
		BC9D9AB51C02EE1B00292CEF /* Main.storyboard in Resources */ = {isa = PBXBuildFile; fileRef = BC9D9AB31C02EE1B00292CEF /* Main.storyboard */; };
		BC9D9AB71C02EE1B00292CEF /* Images.xcassets in Resources */ = {isa = PBXBuildFile; fileRef = BC9D9AB61C02EE1B00292CEF /* Images.xcassets */; };
		BC9D9ABA1C02EE1B00292CEF /* LaunchScreen.xib in Resources */ = {isa = PBXBuildFile; fileRef = BC9D9AB81C02EE1B00292CEF /* LaunchScreen.xib */; };
		BC9D9AC61C02EE1B00292CEF /* meinv1Tests.m in Sources */ = {isa = PBXBuildFile; fileRef = BC9D9AC51C02EE1B00292CEF /* meinv1Tests.m */; };
/* End PBXBuildFile section */

/* Begin PBXContainerItemProxy section */
		BC9D9AC01C02EE1B00292CEF /* PBXContainerItemProxy */ = {
			isa = PBXContainerItemProxy;
			containerPortal = BC9D9A9E1C02EE1B00292CEF /* Project object */;
			proxyType = 1;
			remoteGlobalIDString = BC9D9AA51C02EE1B00292CEF;
			remoteInfo = meinv1;
		};
/* End PBXContainerItemProxy section */

/* Begin PBXFileReference section */
		BC9D9AA61C02EE1B00292CEF /* meinv1.app */ = {isa = PBXFileReference; explicitFileType = wrapper.application; includeInIndex = 0; path = meinv1.app; sourceTree = BUILT_PRODUCTS_DIR; };
		BC9D9AAA1C02EE1B00292CEF /* Info.plist */ = {isa = PBXFileReference; lastKnownFileType = text.plist.xml; path = Info.plist; sourceTree = "<group>"; };
		BC9D9AAB1C02EE1B00292CEF /* main.m */ = {isa = PBXFileReference; lastKnownFileType = sourcecode.c.objc; path = main.m; sourceTree = "<group>"; };
		BC9D9AAD1C02EE1B00292CEF /* AppDelegate.h */ = {isa = PBXFileReference; lastKnownFileType = sourcecode.c.h; path = AppDelegate.h; sourceTree = "<group>"; };
		BC9D9AAE1C02EE1B00292CEF /* AppDelegate.m */ = {isa = PBXFileReference; lastKnownFileType = sourcecode.c.objc; path = AppDelegate.m; sourceTree = "<group>"; };
		BC9D9AB01C02EE1B00292CEF /* ViewController.h */ = {isa = PBXFileReference; lastKnownFileType = sourcecode.c.h; path = ViewController.h; sourceTree = "<group>"; };
		BC9D9AB11C02EE1B00292CEF /* ViewController.m */ = {isa = PBXFileReference; lastKnownFileType = sourcecode.c.objc; path = ViewController.m; sourceTree = "<group>"; };
		BC9D9AB41C02EE1B00292CEF /* Base */ = {isa = PBXFileReference; lastKnownFileType = file.storyboard; name = Base; path = Base.lproj/Main.storyboard; sourceTree = "<group>"; };
		BC9D9AB61C02EE1B00292CEF /* Images.xcassets */ = {isa = PBXFileReference; lastKnownFileType = folder.assetcatalog; path = Images.xcassets; sourceTree = "<group>"; };
		BC9D9AB91C02EE1B00292CEF /* Base */ = {isa = PBXFileReference; lastKnownFileType = file.xib; name = Base; path = Base.lproj/LaunchScreen.xib; sourceTree = "<group>"; };
		BC9D9ABF1C02EE1B00292CEF /* meinv1Tests.xctest */ = {isa = PBXFileReference; explicitFileType = wrapper.cfbundle; includeInIndex = 0; path = meinv1Tests.xctest; sourceTree = BUILT_PRODUCTS_DIR; };
		BC9D9AC41C02EE1B00292CEF /* Info.plist */ = {isa = PBXFileReference; lastKnownFileType = text.plist.xml; path = Info.plist; sourceTree = "<group>"; };
		BC9D9AC51C02EE1B00292CEF /* meinv1Tests.m */ = {isa = PBXFileReference; lastKnownFileType = sourcecode.c.objc; path = meinv1Tests.m; sourceTree = "<group>"; };
/* End PBXFileReference section */

/* Begin PBXFrameworksBuildPhase section */
		BC9D9AA31C02EE1B00292CEF /* Frameworks */ = {
			isa = PBXFrameworksBuildPhase;
			buildActionMask = 2147483647;
			files = (
			);
			runOnlyForDeploymentPostprocessing = 0;
		};
		BC9D9ABC1C02EE1B00292CEF /* Frameworks */ = {
			isa = PBXFrameworksBuildPhase;
			buildActionMask = 2147483647;
			files = (
			);
			runOnlyForDeploymentPostprocessing = 0;
		};
/* End PBXFrameworksBuildPhase section */

/* Begin PBXGroup section */
		BC9D9A9D1C02EE1B00292CEF = {
			isa = PBXGroup;
			children = (
				BC9D9AA81C02EE1B00292CEF /* meinv1 */,
				BC9D9AC21C02EE1B00292CEF /* meinv1Tests */,
				BC9D9AA71C02EE1B00292CEF /* Products */,
			);
			sourceTree = "<group>";
		};
		BC9D9AA71C02EE1B00292CEF /* Products */ = {
			isa = PBXGroup;
			children = (
				BC9D9AA61C02EE1B00292CEF /* meinv1.app */,
				BC9D9ABF1C02EE1B00292CEF /* meinv1Tests.xctest */,
			);
			name = Products;
			sourceTree = "<group>";
		};
		BC9D9AA81C02EE1B00292CEF /* meinv1 */ = {
			isa = PBXGroup;
			children = (
				BC9D9AAD1C02EE1B00292CEF /* AppDelegate.h */,
				BC9D9AAE1C02EE1B00292CEF /* AppDelegate.m */,
				BC9D9AB01C02EE1B00292CEF /* ViewController.h */,
				BC9D9AB11C02EE1B00292CEF /* ViewController.m */,
				BC9D9AB31C02EE1B00292CEF /* Main.storyboard */,
				BC9D9AB61C02EE1B00292CEF /* Images.xcassets */,
				BC9D9AB81C02EE1B00292CEF /* LaunchScreen.xib */,
				BC9D9AA91C02EE1B00292CEF /* Supporting Files */,
			);
			path = meinv1;
			sourceTree = "<group>";
		};
		BC9D9AA91C02EE1B00292CEF /* Supporting Files */ = {
			isa = PBXGroup;
			children = (
				BC9D9AAA1C02EE1B00292CEF /* Info.plist */,
				BC9D9AAB1C02EE1B00292CEF /* main.m */,
			);
			name = "Supporting Files";
			sourceTree = "<group>";
		};
		BC9D9AC21C02EE1B00292CEF /* meinv1Tests */ = {
			isa = PBXGroup;
			children = (
				BC9D9AC51C02EE1B00292CEF /* meinv1Tests.m */,
				BC9D9AC31C02EE1B00292CEF /* Supporting Files */,
			);
			path = meinv1Tests;
			sourceTree = "<group>";
		};
		BC9D9AC31C02EE1B00292CEF /* Supporting Files */ = {
			isa = PBXGroup;
			children = (
				BC9D9AC41C02EE1B00292CEF /* Info.plist */,
			);
			name = "Supporting Files";
			sourceTree = "<group>";
		};
/* End PBXGroup section */

/* Begin PBXNativeTarget section */
		BC9D9AA51C02EE1B00292CEF /* meinv1 */ = {
			isa = PBXNativeTarget;
			buildConfigurationList = BC9D9AC91C02EE1B00292CEF /* Build configuration list for PBXNativeTarget "meinv1" */;
			buildPhases = (
				BC9D9AA21C02EE1B00292CEF /* Sources */,
				BC9D9AA31C02EE1B00292CEF /* Frameworks */,
				BC9D9AA41C02EE1B00292CEF /* Resources */,
			);
			buildRules = (
			);
			dependencies = (
			);
			name = meinv1;
			productName = meinv1;
			productReference = BC9D9AA61C02EE1B00292CEF /* meinv1.app */;
			productType = "com.apple.product-type.application";
		};
		BC9D9ABE1C02EE1B00292CEF /* meinv1Tests */ = {
			isa = PBXNativeTarget;
			buildConfigurationList = BC9D9ACC1C02EE1B00292CEF /* Build configuration list for PBXNativeTarget "meinv1Tests" */;
			buildPhases = (
				BC9D9ABB1C02EE1B00292CEF /* Sources */,
				BC9D9ABC1C02EE1B00292CEF /* Frameworks */,
				BC9D9ABD1C02EE1B00292CEF /* Resources */,
			);
			buildRules = (
			);
			dependencies = (
				BC9D9AC11C02EE1B00292CEF /* PBXTargetDependency */,
			);
			name = meinv1Tests;
			productName = meinv1Tests;
			productReference = BC9D9ABF1C02EE1B00292CEF /* meinv1Tests.xctest */;
			productType = "com.apple.product-type.bundle.unit-test";
		};
/* End PBXNativeTarget section */

/* Begin PBXProject section */
		BC9D9A9E1C02EE1B00292CEF /* Project object */ = {
			isa = PBXProject;
			attributes = {
				LastUpgradeCheck = 0640;
				ORGANIZATIONNAME = TB;
				TargetAttributes = {
					BC9D9AA51C02EE1B00292CEF = {
						CreatedOnToolsVersion = 6.4;
					};
					BC9D9ABE1C02EE1B00292CEF = {
						CreatedOnToolsVersion = 6.4;
						TestTargetID = BC9D9AA51C02EE1B00292CEF;
					};
				};
			};
			buildConfigurationList = BC9D9AA11C02EE1B00292CEF /* Build configuration list for PBXProject "meinv1" */;
			compatibilityVersion = "Xcode 3.2";
			developmentRegion = English;
			hasScannedForEncodings = 0;
			knownRegions = (
				en,
				Base,
			);
			mainGroup = BC9D9A9D1C02EE1B00292CEF;
			productRefGroup = BC9D9AA71C02EE1B00292CEF /* Products */;
			projectDirPath = "";
			projectRoot = "";
			targets = (
				BC9D9AA51C02EE1B00292CEF /* meinv1 */,
				BC9D9ABE1C02EE1B00292CEF /* meinv1Tests */,
			);
		};
/* End PBXProject section */

/* Begin PBXResourcesBuildPhase section */
		BC9D9AA41C02EE1B00292CEF /* Resources */ = {
			isa = PBXResourcesBuildPhase;
			buildActionMask = 2147483647;
			files = (
				BC9D9AB51C02EE1B00292CEF /* Main.storyboard in Resources */,
				BC9D9ABA1C02EE1B00292CEF /* LaunchScreen.xib in Resources */,
				BC9D9AB71C02EE1B00292CEF /* Images.xcassets in Resources */,
			);
			runOnlyForDeploymentPostprocessing = 0;
		};
		BC9D9ABD1C02EE1B00292CEF /* Resources */ = {
			isa = PBXResourcesBuildPhase;
			buildActionMask = 2147483647;
			files = (
			);
			runOnlyForDeploymentPostprocessing = 0;
		};
/* End PBXResourcesBuildPhase section */

/* Begin PBXSourcesBuildPhase section */
		BC9D9AA21C02EE1B00292CEF /* Sources */ = {
			isa = PBXSourcesBuildPhase;
			buildActionMask = 2147483647;
			files = (
				BC9D9AB21C02EE1B00292CEF /* ViewController.m in Sources */,
				BC9D9AAF1C02EE1B00292CEF /* AppDelegate.m in Sources */,
				BC9D9AAC1C02EE1B00292CEF /* main.m in Sources */,
			);
			runOnlyForDeploymentPostprocessing = 0;
		};
		BC9D9ABB1C02EE1B00292CEF /* Sources */ = {
			isa = PBXSourcesBuildPhase;
			buildActionMask = 2147483647;
			files = (
				BC9D9AC61C02EE1B00292CEF /* meinv1Tests.m in Sources */,
			);
			runOnlyForDeploymentPostprocessing = 0;
		};
/* End PBXSourcesBuildPhase section */

/* Begin PBXTargetDependency section */
		BC9D9AC11C02EE1B00292CEF /* PBXTargetDependency */ = {
			isa = PBXTargetDependency;
			target = BC9D9AA51C02EE1B00292CEF /* meinv1 */;
			targetProxy = BC9D9AC01C02EE1B00292CEF /* PBXContainerItemProxy */;
		};
/* End PBXTargetDependency section */

/* Begin PBXVariantGroup section */
		BC9D9AB31C02EE1B00292CEF /* Main.storyboard */ = {
			isa = PBXVariantGroup;
			children = (
				BC9D9AB41C02EE1B00292CEF /* Base */,
			);
			name = Main.storyboard;
			sourceTree = "<group>";
		};
		BC9D9AB81C02EE1B00292CEF /* LaunchScreen.xib */ = {
			isa = PBXVariantGroup;
			children = (
				BC9D9AB91C02EE1B00292CEF /* Base */,
			);
			name = LaunchScreen.xib;
			sourceTree = "<group>";
		};
/* End PBXVariantGroup section */

/* Begin XCBuildConfiguration section */
		BC9D9AC71C02EE1B00292CEF /* Debug */ = {
			isa = XCBuildConfiguration;
			buildSettings = {
				ALWAYS_SEARCH_USER_PATHS = NO;
				CLANG_CXX_LANGUAGE_STANDARD = "gnu++0x";
				CLANG_CXX_LIBRARY = "libc++";
				CLANG_ENABLE_MODULES = YES;
				CLANG_ENABLE_OBJC_ARC = YES;
				CLANG_WARN_BOOL_CONVERSION = YES;
				CLANG_WARN_CONSTANT_CONVERSION = YES;
				CLANG_WARN_DIRECT_OBJC_ISA_USAGE = YES_ERROR;
				CLANG_WARN_EMPTY_BODY = YES;
				CLANG_WARN_ENUM_CONVERSION = YES;
				CLANG_WARN_INT_CONVERSION = YES;
				CLANG_WARN_OBJC_ROOT_CLASS = YES_ERROR;
				CLANG_WARN_UNREACHABLE_CODE = YES;
				CLANG_WARN__DUPLICATE_METHOD_MATCH = YES;
				"CODE_SIGN_IDENTITY[sdk=iphoneos*]" = "iPhone Developer";
				COPY_PHASE_STRIP = NO;
				DEBUG_INFORMATION_FORMAT = "dwarf-with-dsym";
				ENABLE_STRICT_OBJC_MSGSEND = YES;
				GCC_C_LANGUAGE_STANDARD = gnu99;
				GCC_DYNAMIC_NO_PIC = NO;
				GCC_NO_COMMON_BLOCKS = YES;
				GCC_OPTIMIZATION_LEVEL = 0;
				GCC_PREPROCESSOR_DEFINITIONS = (
					"DEBUG=1",
					"$(inherited)",
				);
				GCC_SYMBOLS_PRIVATE_EXTERN = NO;
				GCC_WARN_64_TO_32_BIT_CONVERSION = YES;
				GCC_WARN_ABOUT_RETURN_TYPE = YES_ERROR;
				GCC_WARN_UNDECLARED_SELECTOR = YES;
				GCC_WARN_UNINITIALIZED_AUTOS = YES_AGGRESSIVE;
				GCC_WARN_UNUSED_FUNCTION = YES;
				GCC_WARN_UNUSED_VARIABLE = YES;
				IPHONEOS_DEPLOYMENT_TARGET = 8.4;
				MTL_ENABLE_DEBUG_INFO = YES;
				ONLY_ACTIVE_ARCH = YES;
				SDKROOT = iphoneos;
			};
			name = Debug;
		};
		BC9D9AC81C02EE1B00292CEF /* Release */ = {
			isa = XCBuildConfiguration;
			buildSettings = {
				ALWAYS_SEARCH_USER_PATHS = NO;
				CLANG_CXX_LANGUAGE_STANDARD = "gnu++0x";
				CLANG_CXX_LIBRARY = "libc++";
				CLANG_ENABLE_MODULES = YES;
				CLANG_ENABLE_OBJC_ARC = YES;
				CLANG_WARN_BOOL_CONVERSION = YES;
				CLANG_WARN_CONSTANT_CONVERSION = YES;
				CLANG_WARN_DIRECT_OBJC_ISA_USAGE = YES_ERROR;
				CLANG_WARN_EMPTY_BODY = YES;
				CLANG_WARN_ENUM_CONVERSION = YES;
				CLANG_WARN_INT_CONVERSION = YES;
				CLANG_WARN_OBJC_ROOT_CLASS = YES_ERROR;
				CLANG_WARN_UNREACHABLE_CODE = YES;
				CLANG_WARN__DUPLICATE_METHOD_MATCH = YES;
				"CODE_SIGN_IDENTITY[sdk=iphoneos*]" = "iPhone Developer";
				COPY_PHASE_STRIP = NO;
				DEBUG_INFORMATION_FORMAT = "dwarf-with-dsym";
				ENABLE_NS_ASSERTIONS = NO;
				ENABLE_STRICT_OBJC_MSGSEND = YES;
				GCC_C_LANGUAGE_STANDARD = gnu99;
				GCC_NO_COMMON_BLOCKS = YES;
				GCC_WARN_64_TO_32_BIT_CONVERSION = YES;
				GCC_WARN_ABOUT_RETURN_TYPE = YES_ERROR;
				GCC_WARN_UNDECLARED_SELECTOR = YES;
				GCC_WARN_UNINITIALIZED_AUTOS = YES_AGGRESSIVE;
				GCC_WARN_UNUSED_FUNCTION = YES;
				GCC_WARN_UNUSED_VARIABLE = YES;
				IPHONEOS_DEPLOYMENT_TARGET = 8.4;
				MTL_ENABLE_DEBUG_INFO = NO;
				SDKROOT = iphoneos;
				VALIDATE_PRODUCT = YES;
			};
			name = Release;
		};
		BC9D9ACA1C02EE1B00292CEF /* Debug */ = {
			isa = XCBuildConfiguration;
			buildSettings = {
				ASSETCATALOG_COMPILER_APPICON_NAME = AppIcon;
				INFOPLIST_FILE = meinv1/Info.plist;
				LD_RUNPATH_SEARCH_PATHS = "$(inherited) @executable_path/Frameworks";
				PRODUCT_NAME = "$(TARGET_NAME)";
			};
			name = Debug;
		};
		BC9D9ACB1C02EE1B00292CEF /* Release */ = {
			isa = XCBuildConfiguration;
			buildSettings = {
				ASSETCATALOG_COMPILER_APPICON_NAME = AppIcon;
				INFOPLIST_FILE = meinv1/Info.plist;
				LD_RUNPATH_SEARCH_PATHS = "$(inherited) @executable_path/Frameworks";
				PRODUCT_NAME = "$(TARGET_NAME)";
			};
			name = Release;
		};
		BC9D9ACD1C02EE1B00292CEF /* Debug */ = {
			isa = XCBuildConfiguration;
			buildSettings = {
				BUNDLE_LOADER = "$(TEST_HOST)";
				FRAMEWORK_SEARCH_PATHS = (
					"$(SDKROOT)/Developer/Library/Frameworks",
					"$(inherited)",
				);
				GCC_PREPROCESSOR_DEFINITIONS = (
					"DEBUG=1",
					"$(inherited)",
				);
				INFOPLIST_FILE = meinv1Tests/Info.plist;
				LD_RUNPATH_SEARCH_PATHS = "$(inherited) @executable_path/Frameworks @loader_path/Frameworks";
				PRODUCT_NAME = "$(TARGET_NAME)";
				TEST_HOST = "$(BUILT_PRODUCTS_DIR)/meinv1.app/meinv1";
			};
			name = Debug;
		};
		BC9D9ACE1C02EE1B00292CEF /* Release */ = {
			isa = XCBuildConfiguration;
			buildSettings = {
				BUNDLE_LOADER = "$(TEST_HOST)";
				FRAMEWORK_SEARCH_PATHS = (
					"$(SDKROOT)/Developer/Library/Frameworks",
					"$(inherited)",
				);
				INFOPLIST_FILE = meinv1Tests/Info.plist;
				LD_RUNPATH_SEARCH_PATHS = "$(inherited) @executable_path/Frameworks @loader_path/Frameworks";
				PRODUCT_NAME = "$(TARGET_NAME)";
				TEST_HOST = "$(BUILT_PRODUCTS_DIR)/meinv1.app/meinv1";
			};
			name = Release;
		};
/* End XCBuildConfiguration section */

/* Begin XCConfigurationList section */
		BC9D9AA11C02EE1B00292CEF /* Build configuration list for PBXProject "meinv1" */ = {
			isa = XCConfigurationList;
			buildConfigurations = (
				BC9D9AC71C02EE1B00292CEF /* Debug */,
				BC9D9AC81C02EE1B00292CEF /* Release */,
			);
			defaultConfigurationIsVisible = 0;
			defaultConfigurationName = Release;
		};
		BC9D9AC91C02EE1B00292CEF /* Build configuration list for PBXNativeTarget "meinv1" */ = {
			isa = XCConfigurationList;
			buildConfigurations = (
				BC9D9ACA1C02EE1B00292CEF /* Debug */,
				BC9D9ACB1C02EE1B00292CEF /* Release */,
			);
			defaultConfigurationIsVisible = 0;
		};
		BC9D9ACC1C02EE1B00292CEF /* Build configuration list for PBXNativeTarget "meinv1Tests" */ = {
			isa = XCConfigurationList;
			buildConfigurations = (
				BC9D9ACD1C02EE1B00292CEF /* Debug */,
				BC9D9ACE1C02EE1B00292CEF /* Release */,
			);
			defaultConfigurationIsVisible = 0;
		};
/* End XCConfigurationList section */
	};
	rootObject = BC9D9A9E1C02EE1B00292CEF /* Project object */;
}
